Microsoft Visual Studio Solution File, Format Version 12.00
# Visual Studio Version 17
VisualStudioVersion = 17.5.2.0
MinimumVisualStudioVersion = 10.0.40219.1
Project("{FAE04EC0-301F-11D3-BF4B-00C04F79EFBC}") = "HighwayServer", "HighwayServer.csproj", "{BB57E844-7E0C-38EA-B862-9FC924DF4D56}"
EndProject
Global
	GlobalSection(SolutionConfigurationPlatforms) = preSolution
		Debug|Any CPU = Debug|Any CPU
		Release|Any CPU = Release|Any CPU
	EndGlobalSection
	GlobalSection(ProjectConfigurationPlatforms) = postSolution
		{BB57E844-7E0C-38EA-B862-9FC924DF4D56}.Debug|Any CPU.ActiveCfg = Debug|Any CPU
		{BB57E844-7E0C-38EA-B862-9FC924DF4D56}.Debug|Any CPU.Build.0 = Debug|Any CPU
		{BB57E844-7E0C-38EA-B862-9FC924DF4D56}.Release|Any CPU.ActiveCfg = Release|Any CPU
		{BB57E844-7E0C-38EA-B862-9FC924DF4D56}.Release|Any CPU.Build.0 = Release|Any CPU
	EndGlobalSection
	GlobalSection(SolutionProperties) = preSolution
		HideSolutionNode = FALSE
	EndGlobalSection
	GlobalSection(ExtensibilityGlobals) = postSolution
		SolutionGuid = {4FF274B3-786A-488B-A91D-A0F7E55D6726}
	EndGlobalSection
EndGlobal
